Lr! D�CDD�R3�91!4�!!H,@�D@�-���yhrG���m�ޗ�r���*m�loz�"�}6ڷ��[�vm�����"���ɪ�H�o�k7��ܩz�+����r���*m�M���kGt�ݸ�O���{}��of�q�^{}��N�z��u�܉�-ʗ��z{�5�ܩz����{隧Nu��-�����t��"rI^�n1�*^���ݸ�
(�W�rZ.w�(�j'�]���슉��~kz�%��a��l��ނ+-�,��zd��&�
(�W�rZ.w�(�j'��ܢi���5ߛ`Ϳt��_�����߮�u�w�4sw������\iשzw^�Ȟ���k/��*��v��'��M\�w��-��׭��{竮��rV��}6v�e{��~tz{v�G�����M ��%{殶����t�X��m%���+ޯ]���a��a�]&�ץ�����z�v��+z�������-�M,�X����k/�����]4���jo�����]5����������]t��v�M࢈%{�%��~�ܶ*'�禺V���t�楦�����*'�M>jZaknkz�%��a��l��ނ+-�,��zd��&�
(�W�rZ.w���b�{>zk�j�+��ߺw-����鮕�h��t�楦���3o�7{^<ێ��;�}���7��~�彚��;u�^�קr'��� �����h���mZvo���8����m��ܾ���z�u�g%��ZnW��m�Z+�]vr�ߊ-����W������y�
(�W���-����4�m`��%y�b�m5�
-�] ��5�Xm�����r�^���Z�5�k�jm�M+�j�n���z�x�ǫ��b����M횝4�{��������'�}rj�,�M���%{�%����+j��[ޮȨ�]���(�����i���z����j��(��(�	^��h��춊ځ����h���]�������O;տ:��k��F������8����N]z��u�܉� ��%{�%��r���}5�F��'��M�)��M\�w��-��ם��{竮��rV��}6v�e{��~t{^����,����f��ﮦZwO4��!��ky����bu�b�}6�+7�Y���ʗ��O(�ǵ�Zn����]����jo�����]5����������]4��v�M-ʗ����V���y׏���Z��슉��^>jZaj���[�vm�����"���ɪ�H�o�ʗ����V�������V��ϵ�^>jZaj�3٧]�G<��]�{N�Ӎ���8�Owo����<�*^��ڱ��;5ۛޮȨ�]���(�����i���z����j��(��r��?m�돣���m�돣��v��3�͛ێ�ׯZ�����^㾜�8�W|�wy�*^��!�H�j�{����*'׽�z�%��a��l��ނ+-�,��zd��&�ܩz�܆�"u����!�H�j���{`�Ƽ��wi�}��5y�w�~�o�9��_�W\o��שzw^�Ȟ�ܩz��׭ʗ���>{kk�6��슉��j޲�oy�m��?�����k�&��� r���*^�����m�����>{kk�4��3��[ն��z����o[�7s���G{s�Zv�u�^�קr'��*^���u�r��?���z���M���슉��~kz�%��a��l��ނ+-�,��zd��&�ܩz��ji��;?��Z�g��϶�~m�>���y����}���m���ݛ���k�:���r��?��&�w��m�jZaj���*'�m���i��޲�oy�m��?�����k�&��� r���*^��ڲh�{����&�w��m���i��`��i�������o�y��շ߽�}���[~ܩz��ׯz�"�4��޲�oy�m��?�����k�&��� r���*^���u���z{�4��`�ζӮ����nuq�5�ݞ��6�w�9�z�ܩz��׺��-ʗ��z{�8����*'�O<��(�����i���z����j��(��r��?��^���׾�O<���_�V���k_�f�s���o;�Ʒ{wxo��ʗ��z{�5����*'�M|��(�����i���z����j��(��r��?��^���׾�M|��w��۷wu�}����u�^�Μ��]��׽�ʗ���4�kޮȨ�M7ڷ��[�vm�����"���ɪ�H�o�ʗ��������}��6����<��wۗZ�M�i���f��o5�G4s�r��?��^�+���v��z������*'�N�z�%��a��l��ނ+-�,��zd��&�ܩz��zW�����ݮ+ޯ����^�+���v��z��ӻ`ϗw�]�զ�q�<o��޼ݭ���{�]�i�|~ܩz��zW�����ݮ+ޯnwߛr��?��^�+���v��z���oz�"�}�ߍ�z�%��a��l��ނ+-�,��zd��&�ܩz��zW�����ݮ+ޯ����^�+���v��z���~6��������ӝ�u��ٯ=�]i�|��5���q�-ʗ���.�Ǿ��t�[ޮȨ�Nu��(�����i���z����j��(��r��?���q�j����.�Ǿ��~ӝm�>��[��:i��ݮ��~zy��i�}�ty���r��?�+-zh��_w����*'�_wڷ��[�vm�����"���ɪ�H�o�ʗ��̬�飳���+-zh��M}�k`��vӇ8q������޸��4{�y��}�zז���{�4�KޮȨ�M���(�����i���z����j��(��Z�����jǺ��6��3m���m��O�λӝ:��m��w�7����M�%#�J��jmt���5+ky���[ޮȨ�]���(�����i���z����j��(��R8ԭ�����H�R�����w��3�N��^�WZ{׵��[q�w�M���;�޺�Zu�^�קr'���'���{]���